
Microsoft Visual Studio Solution File, Format Version 9.00
# Visual Studio 2005
Project("{FAE04EC0-301F-11D3-BF4B-00C04F79EFBC}") = "MultitargettingRules", "M:\My Documents\Visual Studio 2005\Projects\Subtext\trunk\trunk\Utilities\MultitargettingRules\MultitargettingRules\MultitargettingRules.csproj", "{F30E58A5-12A8-492E-A8AD-52C3E903DFCF}"
EndProject
Project("{FAE04EC0-301F-11D3-BF4B-00C04F79EFBC}") = "Test", "M:\My Documents\Visual Studio 2005\Projects\Subtext\trunk\trunk\Utilities\MultitargettingRules\Test\Test.csproj", "{4E9FD218-80C6-4A78-A51F-9FE7305124DC}"
EndProject
Global
	GlobalSection(SolutionConfigurationPlatforms) = preSolution
		Debug|Any CPU = Debug|Any CPU
		Release|Any CPU = Release|Any CPU
	EndGlobalSection
	GlobalSection(ProjectConfigurationPlatforms) = postSolution
		{F30E58A5-12A8-492E-A8AD-52C3E903DFCF}.Debug|Any CPU.ActiveCfg = Debug|Any CPU
		{F30E58A5-12A8-492E-A8AD-52C3E903DFCF}.Debug|Any CPU.Build.0 = Debug|Any CPU
		{F30E58A5-12A8-492E-A8AD-52C3E903DFCF}.Release|Any CPU.ActiveCfg = Release|Any CPU
		{F30E58A5-12A8-492E-A8AD-52C3E903DFCF}.Release|Any CPU.Build.0 = Release|Any CPU
		{4E9FD218-80C6-4A78-A51F-9FE7305124DC}.Debug|Any CPU.ActiveCfg = Debug|Any CPU
		{4E9FD218-80C6-4A78-A51F-9FE7305124DC}.Debug|Any CPU.Build.0 = Debug|Any CPU
		{4E9FD218-80C6-4A78-A51F-9FE7305124DC}.Release|Any CPU.ActiveCfg = Release|Any CPU
		{4E9FD218-80C6-4A78-A51F-9FE7305124DC}.Release|Any CPU.Build.0 = Release|Any CPU
	EndGlobalSection
	GlobalSection(SolutionProperties) = preSolution
		HideSolutionNode = FALSE
	EndGlobalSection
EndGlobal
