Microsoft Visual Studio Solution File, Format Version 11.00
# Visual Studio 2010
Project("{2150E333-8FDC-42A3-9474-1A3956D46DE8}") = "Solution Items", "Solution Items", "{9D145684-0EDA-4147-BF81-3B0BED7DA439}"
	ProjectSection(SolutionItems) = preProject
		..\build.cmd = ..\build.cmd
		..\tools\WebPI\installSQL.sql = ..\tools\WebPI\installSQL.sql
		License.txt = License.txt
		..\tools\WebPI\manifest.xml = ..\tools\WebPI\manifest.xml
		..\tools\WebPI\parameters.xml = ..\tools\WebPI\parameters.xml
		ReleaseChecklist.txt = ReleaseChecklist.txt
		SolutionInfo.cs = SolutionInfo.cs
		SourceGuidelines.txt = SourceGuidelines.txt
		SubText.build = SubText.build
		..\subtext2.2-upgrade-notes.txt = ..\subtext2.2-upgrade-notes.txt
		SubtextCodeAnalysis.FxCop = SubtextCodeAnalysis.FxCop
	EndProjectSection
EndProject
Project("{2150E333-8FDC-42A3-9474-1A3956D46DE8}") = "CCNET", "CCNET", "{DD225739-6817-4A4F-9386-765ABA27C754}"
	ProjectSection(SolutionItems) = preProject
		ccrunner.bat = ccrunner.bat
	EndProjectSection
EndProject
Project("{2150E333-8FDC-42A3-9474-1A3956D46DE8}") = "Tools", "Tools", "{ED6D2474-6402-4392-AFF0-6115A3F13C28}"
EndProject
Project("{FAE04EC0-301F-11D3-BF4B-00C04F79EFBC}") = "Subtext.Framework", "Subtext.Framework\Subtext.Framework.csproj", "{AFE766FE-5FC7-4B64-AE50-E54E9AFD77F0}"
EndProject
Project("{FAE04EC0-301F-11D3-BF4B-00C04F79EFBC}") = "Subtext.Web", "Subtext.Web\Subtext.Web.csproj", "{8C11B428-9C4A-46C3-B7F0-48215276BFA5}"
EndProject
Project("{FAE04EC0-301F-11D3-BF4B-00C04F79EFBC}") = "Subtext.Extensibility", "Subtext.Extensibility\Subtext.Extensibility.csproj", "{13018F20-F796-4FFE-9290-83D0E661C0A1}"
EndProject
Project("{FAE04EC0-301F-11D3-BF4B-00C04F79EFBC}") = "Subtext.Providers.BlogEntryEditor.FCKeditor", "Subtext.Providers.BlogEntryEditor.FCKeditor\Subtext.Providers.BlogEntryEditor.FCKeditor.csproj", "{C219C5FF-D4EC-4838-BACF-E3C2C6E69514}"
EndProject
Project("{FAE04EC0-301F-11D3-BF4B-00C04F79EFBC}") = "SubtextUpgrader", "SubtextUpgrader\SubtextUpgrader.csproj", "{C49C4F5E-C147-40CF-96BB-EE12A7168CCF}"
EndProject
Project("{FAE04EC0-301F-11D3-BF4B-00C04F79EFBC}") = "SubtextUpgraderTests", "SubtextUpgraderTests\SubtextUpgraderTests.csproj", "{86FA49AC-4761-4BFA-9C65-2F30DAEA792D}"
EndProject
Project("{FAE04EC0-301F-11D3-BF4B-00C04F79EFBC}") = "UnitTests.SubText", "UnitTests.Subtext\UnitTests.SubText.csproj", "{16036AF0-ED24-4605-8919-90B40510BD68}"
EndProject
Project("{FAE04EC0-301F-11D3-BF4B-00C04F79EFBC}") = "Subtext.Providers.BlogEntryEditor.CKEditor", "Subtext.Providers.BlogEntryEditor.CKEditor\Subtext.Providers.BlogEntryEditor.CKEditor.csproj", "{B8F3979C-2086-4C87-92A6-E77A71A3D4F2}"
EndProject
Project("{FAE04EC0-301F-11D3-BF4B-00C04F79EFBC}") = "TimeZoneGenerator", "TimeZoneGenerator\TimeZoneGenerator.csproj", "{99EC9973-BA58-4C34-8AE6-DB8927F18817}"
EndProject
Global
	GlobalSection(SolutionConfigurationPlatforms) = preSolution
		AutomatedRelease|.NET = AutomatedRelease|.NET
		AutomatedRelease|Any CPU = AutomatedRelease|Any CPU
		AutomatedRelease|Mixed Platforms = AutomatedRelease|Mixed Platforms
		AutomatedRelease|x86 = AutomatedRelease|x86
		Build|.NET = Build|.NET
		Build|Any CPU = Build|Any CPU
		Build|Mixed Platforms = Build|Mixed Platforms
		Build|x86 = Build|x86
		Debug|.NET = Debug|.NET
		Debug|Any CPU = Debug|Any CPU
		Debug|Mixed Platforms = Debug|Mixed Platforms
		Debug|x86 = Debug|x86
		Documentation|.NET = Documentation|.NET
		Documentation|Any CPU = Documentation|Any CPU
		Documentation|Mixed Platforms = Documentation|Mixed Platforms
		Documentation|x86 = Documentation|x86
		Release|.NET = Release|.NET
		Release|Any CPU = Release|Any CPU
		Release|Mixed Platforms = Release|Mixed Platforms
		Release|x86 = Release|x86
	EndGlobalSection
	GlobalSection(ProjectConfigurationPlatforms) = postSolution
		{AFE766FE-5FC7-4B64-AE50-E54E9AFD77F0}.AutomatedRelease|.NET.ActiveCfg = Release|Any CPU
		{AFE766FE-5FC7-4B64-AE50-E54E9AFD77F0}.AutomatedRelease|Any CPU.ActiveCfg = Release|Any CPU
		{AFE766FE-5FC7-4B64-AE50-E54E9AFD77F0}.AutomatedRelease|Any CPU.Build.0 = Release|Any CPU
		{AFE766FE-5FC7-4B64-AE50-E54E9AFD77F0}.AutomatedRelease|Mixed Platforms.ActiveCfg = Release|Any CPU
		{AFE766FE-5FC7-4B64-AE50-E54E9AFD77F0}.AutomatedRelease|Mixed Platforms.Build.0 = Release|Any CPU
		{AFE766FE-5FC7-4B64-AE50-E54E9AFD77F0}.AutomatedRelease|x86.ActiveCfg = Release|Any CPU
		{AFE766FE-5FC7-4B64-AE50-E54E9AFD77F0}.Build|.NET.ActiveCfg = Build|Any CPU
		{AFE766FE-5FC7-4B64-AE50-E54E9AFD77F0}.Build|Any CPU.ActiveCfg = Build|Any CPU
		{AFE766FE-5FC7-4B64-AE50-E54E9AFD77F0}.Build|Any CPU.Build.0 = Build|Any CPU
		{AFE766FE-5FC7-4B64-AE50-E54E9AFD77F0}.Build|Mixed Platforms.ActiveCfg = Build|Any CPU
		{AFE766FE-5FC7-4B64-AE50-E54E9AFD77F0}.Build|Mixed Platforms.Build.0 = Build|Any CPU
		{AFE766FE-5FC7-4B64-AE50-E54E9AFD77F0}.Build|x86.ActiveCfg = Build|Any CPU
		{AFE766FE-5FC7-4B64-AE50-E54E9AFD77F0}.Debug|.NET.ActiveCfg = Debug|Any CPU
		{AFE766FE-5FC7-4B64-AE50-E54E9AFD77F0}.Debug|Any CPU.ActiveCfg = Debug|Any CPU
		{AFE766FE-5FC7-4B64-AE50-E54E9AFD77F0}.Debug|Any CPU.Build.0 = Debug|Any CPU
		{AFE766FE-5FC7-4B64-AE50-E54E9AFD77F0}.Debug|Mixed Platforms.ActiveCfg = Debug|Any CPU
		{AFE766FE-5FC7-4B64-AE50-E54E9AFD77F0}.Debug|Mixed Platforms.Build.0 = Debug|Any CPU
		{AFE766FE-5FC7-4B64-AE50-E54E9AFD77F0}.Debug|x86.ActiveCfg = Debug|Any CPU
		{AFE766FE-5FC7-4B64-AE50-E54E9AFD77F0}.Documentation|.NET.ActiveCfg = Documentation|Any CPU
		{AFE766FE-5FC7-4B64-AE50-E54E9AFD77F0}.Documentation|Any CPU.ActiveCfg = Documentation|Any CPU
		{AFE766FE-5FC7-4B64-AE50-E54E9AFD77F0}.Documentation|Any CPU.Build.0 = Documentation|Any CPU
		{AFE766FE-5FC7-4B64-AE50-E54E9AFD77F0}.Documentation|Mixed Platforms.ActiveCfg = Documentation|Any CPU
		{AFE766FE-5FC7-4B64-AE50-E54E9AFD77F0}.Documentation|Mixed Platforms.Build.0 = Documentation|Any CPU
		{AFE766FE-5FC7-4B64-AE50-E54E9AFD77F0}.Documentation|x86.ActiveCfg = Documentation|Any CPU
		{AFE766FE-5FC7-4B64-AE50-E54E9AFD77F0}.Release|.NET.ActiveCfg = Release|Any CPU
		{AFE766FE-5FC7-4B64-AE50-E54E9AFD77F0}.Release|Any CPU.ActiveCfg = Release|Any CPU
		{AFE766FE-5FC7-4B64-AE50-E54E9AFD77F0}.Release|Any CPU.Build.0 = Release|Any CPU
		{AFE766FE-5FC7-4B64-AE50-E54E9AFD77F0}.Release|Mixed Platforms.ActiveCfg = Release|Any CPU
		{AFE766FE-5FC7-4B64-AE50-E54E9AFD77F0}.Release|Mixed Platforms.Build.0 = Release|Any CPU
		{AFE766FE-5FC7-4B64-AE50-E54E9AFD77F0}.Release|x86.ActiveCfg = Release|Any CPU
		{8C11B428-9C4A-46C3-B7F0-48215276BFA5}.AutomatedRelease|.NET.ActiveCfg = Release|Any CPU
		{8C11B428-9C4A-46C3-B7F0-48215276BFA5}.AutomatedRelease|Any CPU.ActiveCfg = Release|Any CPU
		{8C11B428-9C4A-46C3-B7F0-48215276BFA5}.AutomatedRelease|Any CPU.Build.0 = Release|Any CPU
		{8C11B428-9C4A-46C3-B7F0-48215276BFA5}.AutomatedRelease|Mixed Platforms.ActiveCfg = Release|Any CPU
		{8C11B428-9C4A-46C3-B7F0-48215276BFA5}.AutomatedRelease|Mixed Platforms.Build.0 = Release|Any CPU
		{8C11B428-9C4A-46C3-B7F0-48215276BFA5}.AutomatedRelease|x86.ActiveCfg = Release|Any CPU
		{8C11B428-9C4A-46C3-B7F0-48215276BFA5}.Build|.NET.ActiveCfg = Build|Any CPU
		{8C11B428-9C4A-46C3-B7F0-48215276BFA5}.Build|Any CPU.ActiveCfg = Build|Any CPU
		{8C11B428-9C4A-46C3-B7F0-48215276BFA5}.Build|Any CPU.Build.0 = Build|Any CPU
		{8C11B428-9C4A-46C3-B7F0-48215276BFA5}.Build|Mixed Platforms.ActiveCfg = Build|Any CPU
		{8C11B428-9C4A-46C3-B7F0-48215276BFA5}.Build|Mixed Platforms.Build.0 = Build|Any CPU
		{8C11B428-9C4A-46C3-B7F0-48215276BFA5}.Build|x86.ActiveCfg = Build|Any CPU
		{8C11B428-9C4A-46C3-B7F0-48215276BFA5}.Debug|.NET.ActiveCfg = Debug|Any CPU
		{8C11B428-9C4A-46C3-B7F0-48215276BFA5}.Debug|Any CPU.ActiveCfg = Debug|Any CPU
		{8C11B428-9C4A-46C3-B7F0-48215276BFA5}.Debug|Any CPU.Build.0 = Debug|Any CPU
		{8C11B428-9C4A-46C3-B7F0-48215276BFA5}.Debug|Mixed Platforms.ActiveCfg = Debug|Any CPU
		{8C11B428-9C4A-46C3-B7F0-48215276BFA5}.Debug|Mixed Platforms.Build.0 = Debug|Any CPU
		{8C11B428-9C4A-46C3-B7F0-48215276BFA5}.Debug|x86.ActiveCfg = Debug|Any CPU
		{8C11B428-9C4A-46C3-B7F0-48215276BFA5}.Documentation|.NET.ActiveCfg = Debug|Any CPU
		{8C11B428-9C4A-46C3-B7F0-48215276BFA5}.Documentation|Any CPU.ActiveCfg = Debug|Any CPU
		{8C11B428-9C4A-46C3-B7F0-48215276BFA5}.Documentation|Any CPU.Build.0 = Debug|Any CPU
		{8C11B428-9C4A-46C3-B7F0-48215276BFA5}.Documentation|Mixed Platforms.ActiveCfg = Debug|Any CPU
		{8C11B428-9C4A-46C3-B7F0-48215276BFA5}.Documentation|Mixed Platforms.Build.0 = Debug|Any CPU
		{8C11B428-9C4A-46C3-B7F0-48215276BFA5}.Documentation|x86.ActiveCfg = Debug|Any CPU
		{8C11B428-9C4A-46C3-B7F0-48215276BFA5}.Release|.NET.ActiveCfg = Release|Any CPU
		{8C11B428-9C4A-46C3-B7F0-48215276BFA5}.Release|Any CPU.ActiveCfg = Release|Any CPU
		{8C11B428-9C4A-46C3-B7F0-48215276BFA5}.Release|Any CPU.Build.0 = Release|Any CPU
		{8C11B428-9C4A-46C3-B7F0-48215276BFA5}.Release|Mixed Platforms.ActiveCfg = Release|Any CPU
		{8C11B428-9C4A-46C3-B7F0-48215276BFA5}.Release|Mixed Platforms.Build.0 = Release|Any CPU
		{8C11B428-9C4A-46C3-B7F0-48215276BFA5}.Release|x86.ActiveCfg = Release|Any CPU
		{13018F20-F796-4FFE-9290-83D0E661C0A1}.AutomatedRelease|.NET.ActiveCfg = Release|Any CPU
		{13018F20-F796-4FFE-9290-83D0E661C0A1}.AutomatedRelease|Any CPU.ActiveCfg = Release|Any CPU
		{13018F20-F796-4FFE-9290-83D0E661C0A1}.AutomatedRelease|Any CPU.Build.0 = Release|Any CPU
		{13018F20-F796-4FFE-9290-83D0E661C0A1}.AutomatedRelease|Mixed Platforms.ActiveCfg = Release|Any CPU
		{13018F20-F796-4FFE-9290-83D0E661C0A1}.AutomatedRelease|Mixed Platforms.Build.0 = Release|Any CPU
		{13018F20-F796-4FFE-9290-83D0E661C0A1}.AutomatedRelease|x86.ActiveCfg = Release|Any CPU
		{13018F20-F796-4FFE-9290-83D0E661C0A1}.Build|.NET.ActiveCfg = Build|Any CPU
		{13018F20-F796-4FFE-9290-83D0E661C0A1}.Build|Any CPU.ActiveCfg = Build|Any CPU
		{13018F20-F796-4FFE-9290-83D0E661C0A1}.Build|Any CPU.Build.0 = Build|Any CPU
		{13018F20-F796-4FFE-9290-83D0E661C0A1}.Build|Mixed Platforms.ActiveCfg = Build|Any CPU
		{13018F20-F796-4FFE-9290-83D0E661C0A1}.Build|Mixed Platforms.Build.0 = Build|Any CPU
		{13018F20-F796-4FFE-9290-83D0E661C0A1}.Build|x86.ActiveCfg = Build|Any CPU
		{13018F20-F796-4FFE-9290-83D0E661C0A1}.Debug|.NET.ActiveCfg = Debug|Any CPU
		{13018F20-F796-4FFE-9290-83D0E661C0A1}.Debug|Any CPU.ActiveCfg = Debug|Any CPU
		{13018F20-F796-4FFE-9290-83D0E661C0A1}.Debug|Any CPU.Build.0 = Debug|Any CPU
		{13018F20-F796-4FFE-9290-83D0E661C0A1}.Debug|Mixed Platforms.ActiveCfg = Debug|Any CPU
		{13018F20-F796-4FFE-9290-83D0E661C0A1}.Debug|Mixed Platforms.Build.0 = Debug|Any CPU
		{13018F20-F796-4FFE-9290-83D0E661C0A1}.Debug|x86.ActiveCfg = Debug|Any CPU
		{13018F20-F796-4FFE-9290-83D0E661C0A1}.Documentation|.NET.ActiveCfg = Documentation|Any CPU
		{13018F20-F796-4FFE-9290-83D0E661C0A1}.Documentation|Any CPU.ActiveCfg = Documentation|Any CPU
		{13018F20-F796-4FFE-9290-83D0E661C0A1}.Documentation|Any CPU.Build.0 = Documentation|Any CPU
		{13018F20-F796-4FFE-9290-83D0E661C0A1}.Documentation|Mixed Platforms.ActiveCfg = Documentation|Any CPU
		{13018F20-F796-4FFE-9290-83D0E661C0A1}.Documentation|Mixed Platforms.Build.0 = Documentation|Any CPU
		{13018F20-F796-4FFE-9290-83D0E661C0A1}.Documentation|x86.ActiveCfg = Documentation|Any CPU
		{13018F20-F796-4FFE-9290-83D0E661C0A1}.Release|.NET.ActiveCfg = Release|Any CPU
		{13018F20-F796-4FFE-9290-83D0E661C0A1}.Release|Any CPU.ActiveCfg = Release|Any CPU
		{13018F20-F796-4FFE-9290-83D0E661C0A1}.Release|Any CPU.Build.0 = Release|Any CPU
		{13018F20-F796-4FFE-9290-83D0E661C0A1}.Release|Mixed Platforms.ActiveCfg = Release|Any CPU
		{13018F20-F796-4FFE-9290-83D0E661C0A1}.Release|Mixed Platforms.Build.0 = Release|Any CPU
		{13018F20-F796-4FFE-9290-83D0E661C0A1}.Release|x86.ActiveCfg = Release|Any CPU
		{C219C5FF-D4EC-4838-BACF-E3C2C6E69514}.AutomatedRelease|.NET.ActiveCfg = Release|Any CPU
		{C219C5FF-D4EC-4838-BACF-E3C2C6E69514}.AutomatedRelease|Any CPU.ActiveCfg = Release|Any CPU
		{C219C5FF-D4EC-4838-BACF-E3C2C6E69514}.AutomatedRelease|Any CPU.Build.0 = Release|Any CPU
		{C219C5FF-D4EC-4838-BACF-E3C2C6E69514}.AutomatedRelease|Mixed Platforms.ActiveCfg = Release|Any CPU
		{C219C5FF-D4EC-4838-BACF-E3C2C6E69514}.AutomatedRelease|Mixed Platforms.Build.0 = Release|Any CPU
		{C219C5FF-D4EC-4838-BACF-E3C2C6E69514}.AutomatedRelease|x86.ActiveCfg = Release|Any CPU
		{C219C5FF-D4EC-4838-BACF-E3C2C6E69514}.Build|.NET.ActiveCfg = Build|Any CPU
		{C219C5FF-D4EC-4838-BACF-E3C2C6E69514}.Build|Any CPU.ActiveCfg = Build|Any CPU
		{C219C5FF-D4EC-4838-BACF-E3C2C6E69514}.Build|Any CPU.Build.0 = Build|Any CPU
		{C219C5FF-D4EC-4838-BACF-E3C2C6E69514}.Build|Mixed Platforms.ActiveCfg = Build|Any CPU
		{C219C5FF-D4EC-4838-BACF-E3C2C6E69514}.Build|Mixed Platforms.Build.0 = Build|Any CPU
		{C219C5FF-D4EC-4838-BACF-E3C2C6E69514}.Build|x86.ActiveCfg = Build|Any CPU
		{C219C5FF-D4EC-4838-BACF-E3C2C6E69514}.Debug|.NET.ActiveCfg = Debug|Any CPU
		{C219C5FF-D4EC-4838-BACF-E3C2C6E69514}.Debug|Any CPU.ActiveCfg = Debug|Any CPU
		{C219C5FF-D4EC-4838-BACF-E3C2C6E69514}.Debug|Any CPU.Build.0 = Debug|Any CPU
		{C219C5FF-D4EC-4838-BACF-E3C2C6E69514}.Debug|Mixed Platforms.ActiveCfg = Debug|Any CPU
		{C219C5FF-D4EC-4838-BACF-E3C2C6E69514}.Debug|Mixed Platforms.Build.0 = Debug|Any CPU
		{C219C5FF-D4EC-4838-BACF-E3C2C6E69514}.Debug|x86.ActiveCfg = Debug|Any CPU
		{C219C5FF-D4EC-4838-BACF-E3C2C6E69514}.Documentation|.NET.ActiveCfg = Documentation|Any CPU
		{C219C5FF-D4EC-4838-BACF-E3C2C6E69514}.Documentation|Any CPU.ActiveCfg = Documentation|Any CPU
		{C219C5FF-D4EC-4838-BACF-E3C2C6E69514}.Documentation|Any CPU.Build.0 = Documentation|Any CPU
		{C219C5FF-D4EC-4838-BACF-E3C2C6E69514}.Documentation|Mixed Platforms.ActiveCfg = Documentation|Any CPU
		{C219C5FF-D4EC-4838-BACF-E3C2C6E69514}.Documentation|Mixed Platforms.Build.0 = Documentation|Any CPU
		{C219C5FF-D4EC-4838-BACF-E3C2C6E69514}.Documentation|x86.ActiveCfg = Documentation|Any CPU
		{C219C5FF-D4EC-4838-BACF-E3C2C6E69514}.Release|.NET.ActiveCfg = Release|Any CPU
		{C219C5FF-D4EC-4838-BACF-E3C2C6E69514}.Release|Any CPU.ActiveCfg = Release|Any CPU
		{C219C5FF-D4EC-4838-BACF-E3C2C6E69514}.Release|Any CPU.Build.0 = Release|Any CPU
		{C219C5FF-D4EC-4838-BACF-E3C2C6E69514}.Release|Mixed Platforms.ActiveCfg = Release|Any CPU
		{C219C5FF-D4EC-4838-BACF-E3C2C6E69514}.Release|Mixed Platforms.Build.0 = Release|Any CPU
		{C219C5FF-D4EC-4838-BACF-E3C2C6E69514}.Release|x86.ActiveCfg = Release|Any CPU
		{C49C4F5E-C147-40CF-96BB-EE12A7168CCF}.AutomatedRelease|.NET.ActiveCfg = Release|Any CPU
		{C49C4F5E-C147-40CF-96BB-EE12A7168CCF}.AutomatedRelease|Any CPU.ActiveCfg = Release|Any CPU
		{C49C4F5E-C147-40CF-96BB-EE12A7168CCF}.AutomatedRelease|Any CPU.Build.0 = Release|Any CPU
		{C49C4F5E-C147-40CF-96BB-EE12A7168CCF}.AutomatedRelease|Mixed Platforms.ActiveCfg = Release|Any CPU
		{C49C4F5E-C147-40CF-96BB-EE12A7168CCF}.AutomatedRelease|Mixed Platforms.Build.0 = Release|Any CPU
		{C49C4F5E-C147-40CF-96BB-EE12A7168CCF}.AutomatedRelease|x86.ActiveCfg = Release|Any CPU
		{C49C4F5E-C147-40CF-96BB-EE12A7168CCF}.Build|.NET.ActiveCfg = Release|Any CPU
		{C49C4F5E-C147-40CF-96BB-EE12A7168CCF}.Build|Any CPU.ActiveCfg = Release|Any CPU
		{C49C4F5E-C147-40CF-96BB-EE12A7168CCF}.Build|Any CPU.Build.0 = Release|Any CPU
		{C49C4F5E-C147-40CF-96BB-EE12A7168CCF}.Build|Mixed Platforms.ActiveCfg = Release|Any CPU
		{C49C4F5E-C147-40CF-96BB-EE12A7168CCF}.Build|Mixed Platforms.Build.0 = Release|Any CPU
		{C49C4F5E-C147-40CF-96BB-EE12A7168CCF}.Build|x86.ActiveCfg = Release|Any CPU
		{C49C4F5E-C147-40CF-96BB-EE12A7168CCF}.Debug|.NET.ActiveCfg = Debug|Any CPU
		{C49C4F5E-C147-40CF-96BB-EE12A7168CCF}.Debug|Any CPU.ActiveCfg = Debug|Any CPU
		{C49C4F5E-C147-40CF-96BB-EE12A7168CCF}.Debug|Any CPU.Build.0 = Debug|Any CPU
		{C49C4F5E-C147-40CF-96BB-EE12A7168CCF}.Debug|Mixed Platforms.ActiveCfg = Debug|Any CPU
		{C49C4F5E-C147-40CF-96BB-EE12A7168CCF}.Debug|Mixed Platforms.Build.0 = Debug|Any CPU
		{C49C4F5E-C147-40CF-96BB-EE12A7168CCF}.Debug|x86.ActiveCfg = Debug|Any CPU
		{C49C4F5E-C147-40CF-96BB-EE12A7168CCF}.Documentation|.NET.ActiveCfg = Debug|Any CPU
		{C49C4F5E-C147-40CF-96BB-EE12A7168CCF}.Documentation|Any CPU.ActiveCfg = Debug|Any CPU
		{C49C4F5E-C147-40CF-96BB-EE12A7168CCF}.Documentation|Any CPU.Build.0 = Debug|Any CPU
		{C49C4F5E-C147-40CF-96BB-EE12A7168CCF}.Documentation|Mixed Platforms.ActiveCfg = Debug|Any CPU
		{C49C4F5E-C147-40CF-96BB-EE12A7168CCF}.Documentation|Mixed Platforms.Build.0 = Debug|Any CPU
		{C49C4F5E-C147-40CF-96BB-EE12A7168CCF}.Documentation|x86.ActiveCfg = Debug|Any CPU
		{C49C4F5E-C147-40CF-96BB-EE12A7168CCF}.Release|.NET.ActiveCfg = Release|Any CPU
		{C49C4F5E-C147-40CF-96BB-EE12A7168CCF}.Release|Any CPU.ActiveCfg = Release|Any CPU
		{C49C4F5E-C147-40CF-96BB-EE12A7168CCF}.Release|Any CPU.Build.0 = Release|Any CPU
		{C49C4F5E-C147-40CF-96BB-EE12A7168CCF}.Release|Mixed Platforms.ActiveCfg = Release|Any CPU
		{C49C4F5E-C147-40CF-96BB-EE12A7168CCF}.Release|Mixed Platforms.Build.0 = Release|Any CPU
		{C49C4F5E-C147-40CF-96BB-EE12A7168CCF}.Release|x86.ActiveCfg = Release|Any CPU
		{86FA49AC-4761-4BFA-9C65-2F30DAEA792D}.AutomatedRelease|.NET.ActiveCfg = Release|Any CPU
		{86FA49AC-4761-4BFA-9C65-2F30DAEA792D}.AutomatedRelease|Any CPU.ActiveCfg = Release|Any CPU
		{86FA49AC-4761-4BFA-9C65-2F30DAEA792D}.AutomatedRelease|Any CPU.Build.0 = Release|Any CPU
		{86FA49AC-4761-4BFA-9C65-2F30DAEA792D}.AutomatedRelease|Mixed Platforms.ActiveCfg = Release|Any CPU
		{86FA49AC-4761-4BFA-9C65-2F30DAEA792D}.AutomatedRelease|Mixed Platforms.Build.0 = Release|Any CPU
		{86FA49AC-4761-4BFA-9C65-2F30DAEA792D}.AutomatedRelease|x86.ActiveCfg = Release|Any CPU
		{86FA49AC-4761-4BFA-9C65-2F30DAEA792D}.Build|.NET.ActiveCfg = Release|Any CPU
		{86FA49AC-4761-4BFA-9C65-2F30DAEA792D}.Build|Any CPU.ActiveCfg = Release|Any CPU
		{86FA49AC-4761-4BFA-9C65-2F30DAEA792D}.Build|Any CPU.Build.0 = Release|Any CPU
		{86FA49AC-4761-4BFA-9C65-2F30DAEA792D}.Build|Mixed Platforms.ActiveCfg = Release|Any CPU
		{86FA49AC-4761-4BFA-9C65-2F30DAEA792D}.Build|Mixed Platforms.Build.0 = Release|Any CPU
		{86FA49AC-4761-4BFA-9C65-2F30DAEA792D}.Build|x86.ActiveCfg = Release|Any CPU
		{86FA49AC-4761-4BFA-9C65-2F30DAEA792D}.Debug|.NET.ActiveCfg = Debug|Any CPU
		{86FA49AC-4761-4BFA-9C65-2F30DAEA792D}.Debug|Any CPU.ActiveCfg = Debug|Any CPU
		{86FA49AC-4761-4BFA-9C65-2F30DAEA792D}.Debug|Any CPU.Build.0 = Debug|Any CPU
		{86FA49AC-4761-4BFA-9C65-2F30DAEA792D}.Debug|Mixed Platforms.ActiveCfg = Debug|Any CPU
		{86FA49AC-4761-4BFA-9C65-2F30DAEA792D}.Debug|Mixed Platforms.Build.0 = Debug|Any CPU
		{86FA49AC-4761-4BFA-9C65-2F30DAEA792D}.Debug|x86.ActiveCfg = Debug|Any CPU
		{86FA49AC-4761-4BFA-9C65-2F30DAEA792D}.Documentation|.NET.ActiveCfg = Debug|Any CPU
		{86FA49AC-4761-4BFA-9C65-2F30DAEA792D}.Documentation|Any CPU.ActiveCfg = Debug|Any CPU
		{86FA49AC-4761-4BFA-9C65-2F30DAEA792D}.Documentation|Any CPU.Build.0 = Debug|Any CPU
		{86FA49AC-4761-4BFA-9C65-2F30DAEA792D}.Documentation|Mixed Platforms.ActiveCfg = Debug|Any CPU
		{86FA49AC-4761-4BFA-9C65-2F30DAEA792D}.Documentation|Mixed Platforms.Build.0 = Debug|Any CPU
		{86FA49AC-4761-4BFA-9C65-2F30DAEA792D}.Documentation|x86.ActiveCfg = Debug|Any CPU
		{86FA49AC-4761-4BFA-9C65-2F30DAEA792D}.Release|.NET.ActiveCfg = Release|Any CPU
		{86FA49AC-4761-4BFA-9C65-2F30DAEA792D}.Release|Any CPU.ActiveCfg = Release|Any CPU
		{86FA49AC-4761-4BFA-9C65-2F30DAEA792D}.Release|Any CPU.Build.0 = Release|Any CPU
		{86FA49AC-4761-4BFA-9C65-2F30DAEA792D}.Release|Mixed Platforms.ActiveCfg = Release|Any CPU
		{86FA49AC-4761-4BFA-9C65-2F30DAEA792D}.Release|Mixed Platforms.Build.0 = Release|Any CPU
		{86FA49AC-4761-4BFA-9C65-2F30DAEA792D}.Release|x86.ActiveCfg = Release|Any CPU
		{16036AF0-ED24-4605-8919-90B40510BD68}.AutomatedRelease|.NET.ActiveCfg = Release|Any CPU
		{16036AF0-ED24-4605-8919-90B40510BD68}.AutomatedRelease|Any CPU.ActiveCfg = Release|Any CPU
		{16036AF0-ED24-4605-8919-90B40510BD68}.AutomatedRelease|Any CPU.Build.0 = Release|Any CPU
		{16036AF0-ED24-4605-8919-90B40510BD68}.AutomatedRelease|Mixed Platforms.ActiveCfg = Release|Any CPU
		{16036AF0-ED24-4605-8919-90B40510BD68}.AutomatedRelease|Mixed Platforms.Build.0 = Release|Any CPU
		{16036AF0-ED24-4605-8919-90B40510BD68}.AutomatedRelease|x86.ActiveCfg = Release|Any CPU
		{16036AF0-ED24-4605-8919-90B40510BD68}.Build|.NET.ActiveCfg = Build|Any CPU
		{16036AF0-ED24-4605-8919-90B40510BD68}.Build|Any CPU.ActiveCfg = Build|Any CPU
		{16036AF0-ED24-4605-8919-90B40510BD68}.Build|Any CPU.Build.0 = Build|Any CPU
		{16036AF0-ED24-4605-8919-90B40510BD68}.Build|Mixed Platforms.ActiveCfg = Build|Any CPU
		{16036AF0-ED24-4605-8919-90B40510BD68}.Build|Mixed Platforms.Build.0 = Build|Any CPU
		{16036AF0-ED24-4605-8919-90B40510BD68}.Build|x86.ActiveCfg = Build|Any CPU
		{16036AF0-ED24-4605-8919-90B40510BD68}.Debug|.NET.ActiveCfg = Debug|Any CPU
		{16036AF0-ED24-4605-8919-90B40510BD68}.Debug|Any CPU.ActiveCfg = Debug|Any CPU
		{16036AF0-ED24-4605-8919-90B40510BD68}.Debug|Any CPU.Build.0 = Debug|Any CPU
		{16036AF0-ED24-4605-8919-90B40510BD68}.Debug|Mixed Platforms.ActiveCfg = Debug|Any CPU
		{16036AF0-ED24-4605-8919-90B40510BD68}.Debug|Mixed Platforms.Build.0 = Debug|Any CPU
		{16036AF0-ED24-4605-8919-90B40510BD68}.Debug|x86.ActiveCfg = Debug|Any CPU
		{16036AF0-ED24-4605-8919-90B40510BD68}.Documentation|.NET.ActiveCfg = Documentation|Any CPU
		{16036AF0-ED24-4605-8919-90B40510BD68}.Documentation|Any CPU.ActiveCfg = Documentation|Any CPU
		{16036AF0-ED24-4605-8919-90B40510BD68}.Documentation|Any CPU.Build.0 = Documentation|Any CPU
		{16036AF0-ED24-4605-8919-90B40510BD68}.Documentation|Mixed Platforms.ActiveCfg = Documentation|Any CPU
		{16036AF0-ED24-4605-8919-90B40510BD68}.Documentation|Mixed Platforms.Build.0 = Documentation|Any CPU
		{16036AF0-ED24-4605-8919-90B40510BD68}.Documentation|x86.ActiveCfg = Documentation|Any CPU
		{16036AF0-ED24-4605-8919-90B40510BD68}.Release|.NET.ActiveCfg = Release|Any CPU
		{16036AF0-ED24-4605-8919-90B40510BD68}.Release|Any CPU.ActiveCfg = Release|Any CPU
		{16036AF0-ED24-4605-8919-90B40510BD68}.Release|Any CPU.Build.0 = Release|Any CPU
		{16036AF0-ED24-4605-8919-90B40510BD68}.Release|Mixed Platforms.ActiveCfg = Release|Any CPU
		{16036AF0-ED24-4605-8919-90B40510BD68}.Release|Mixed Platforms.Build.0 = Release|Any CPU
		{16036AF0-ED24-4605-8919-90B40510BD68}.Release|x86.ActiveCfg = Release|Any CPU
		{B8F3979C-2086-4C87-92A6-E77A71A3D4F2}.AutomatedRelease|.NET.ActiveCfg = Release|Any CPU
		{B8F3979C-2086-4C87-92A6-E77A71A3D4F2}.AutomatedRelease|Any CPU.ActiveCfg = Release|Any CPU
		{B8F3979C-2086-4C87-92A6-E77A71A3D4F2}.AutomatedRelease|Any CPU.Build.0 = Release|Any CPU
		{B8F3979C-2086-4C87-92A6-E77A71A3D4F2}.AutomatedRelease|Mixed Platforms.ActiveCfg = Release|Any CPU
		{B8F3979C-2086-4C87-92A6-E77A71A3D4F2}.AutomatedRelease|Mixed Platforms.Build.0 = Release|Any CPU
		{B8F3979C-2086-4C87-92A6-E77A71A3D4F2}.AutomatedRelease|x86.ActiveCfg = Release|Any CPU
		{B8F3979C-2086-4C87-92A6-E77A71A3D4F2}.Build|.NET.ActiveCfg = Release|Any CPU
		{B8F3979C-2086-4C87-92A6-E77A71A3D4F2}.Build|Any CPU.ActiveCfg = Release|Any CPU
		{B8F3979C-2086-4C87-92A6-E77A71A3D4F2}.Build|Any CPU.Build.0 = Release|Any CPU
		{B8F3979C-2086-4C87-92A6-E77A71A3D4F2}.Build|Mixed Platforms.ActiveCfg = Release|Any CPU
		{B8F3979C-2086-4C87-92A6-E77A71A3D4F2}.Build|Mixed Platforms.Build.0 = Release|Any CPU
		{B8F3979C-2086-4C87-92A6-E77A71A3D4F2}.Build|x86.ActiveCfg = Release|Any CPU
		{B8F3979C-2086-4C87-92A6-E77A71A3D4F2}.Debug|.NET.ActiveCfg = Debug|Any CPU
		{B8F3979C-2086-4C87-92A6-E77A71A3D4F2}.Debug|Any CPU.ActiveCfg = Debug|Any CPU
		{B8F3979C-2086-4C87-92A6-E77A71A3D4F2}.Debug|Any CPU.Build.0 = Debug|Any CPU
		{B8F3979C-2086-4C87-92A6-E77A71A3D4F2}.Debug|Mixed Platforms.ActiveCfg = Debug|Any CPU
		{B8F3979C-2086-4C87-92A6-E77A71A3D4F2}.Debug|Mixed Platforms.Build.0 = Debug|Any CPU
		{B8F3979C-2086-4C87-92A6-E77A71A3D4F2}.Debug|x86.ActiveCfg = Debug|Any CPU
		{B8F3979C-2086-4C87-92A6-E77A71A3D4F2}.Documentation|.NET.ActiveCfg = Debug|Any CPU
		{B8F3979C-2086-4C87-92A6-E77A71A3D4F2}.Documentation|Any CPU.ActiveCfg = Debug|Any CPU
		{B8F3979C-2086-4C87-92A6-E77A71A3D4F2}.Documentation|Any CPU.Build.0 = Debug|Any CPU
		{B8F3979C-2086-4C87-92A6-E77A71A3D4F2}.Documentation|Mixed Platforms.ActiveCfg = Debug|Any CPU
		{B8F3979C-2086-4C87-92A6-E77A71A3D4F2}.Documentation|Mixed Platforms.Build.0 = Debug|Any CPU
		{B8F3979C-2086-4C87-92A6-E77A71A3D4F2}.Documentation|x86.ActiveCfg = Debug|Any CPU
		{B8F3979C-2086-4C87-92A6-E77A71A3D4F2}.Release|.NET.ActiveCfg = Release|Any CPU
		{B8F3979C-2086-4C87-92A6-E77A71A3D4F2}.Release|Any CPU.ActiveCfg = Release|Any CPU
		{B8F3979C-2086-4C87-92A6-E77A71A3D4F2}.Release|Any CPU.Build.0 = Release|Any CPU
		{B8F3979C-2086-4C87-92A6-E77A71A3D4F2}.Release|Mixed Platforms.ActiveCfg = Release|Any CPU
		{B8F3979C-2086-4C87-92A6-E77A71A3D4F2}.Release|Mixed Platforms.Build.0 = Release|Any CPU
		{B8F3979C-2086-4C87-92A6-E77A71A3D4F2}.Release|x86.ActiveCfg = Release|Any CPU
		{99EC9973-BA58-4C34-8AE6-DB8927F18817}.AutomatedRelease|.NET.ActiveCfg = Release|x86
		{99EC9973-BA58-4C34-8AE6-DB8927F18817}.AutomatedRelease|Any CPU.ActiveCfg = Release|x86
		{99EC9973-BA58-4C34-8AE6-DB8927F18817}.AutomatedRelease|Mixed Platforms.ActiveCfg = Release|x86
		{99EC9973-BA58-4C34-8AE6-DB8927F18817}.AutomatedRelease|Mixed Platforms.Build.0 = Release|x86
		{99EC9973-BA58-4C34-8AE6-DB8927F18817}.AutomatedRelease|x86.ActiveCfg = Release|x86
		{99EC9973-BA58-4C34-8AE6-DB8927F18817}.AutomatedRelease|x86.Build.0 = Release|x86
		{99EC9973-BA58-4C34-8AE6-DB8927F18817}.Build|.NET.ActiveCfg = Release|x86
		{99EC9973-BA58-4C34-8AE6-DB8927F18817}.Build|Any CPU.ActiveCfg = Release|x86
		{99EC9973-BA58-4C34-8AE6-DB8927F18817}.Build|Mixed Platforms.ActiveCfg = Release|x86
		{99EC9973-BA58-4C34-8AE6-DB8927F18817}.Build|Mixed Platforms.Build.0 = Release|x86
		{99EC9973-BA58-4C34-8AE6-DB8927F18817}.Build|x86.ActiveCfg = Release|x86
		{99EC9973-BA58-4C34-8AE6-DB8927F18817}.Build|x86.Build.0 = Release|x86
		{99EC9973-BA58-4C34-8AE6-DB8927F18817}.Debug|.NET.ActiveCfg = Debug|x86
		{99EC9973-BA58-4C34-8AE6-DB8927F18817}.Debug|Any CPU.ActiveCfg = Debug|x86
		{99EC9973-BA58-4C34-8AE6-DB8927F18817}.Debug|Mixed Platforms.ActiveCfg = Debug|x86
		{99EC9973-BA58-4C34-8AE6-DB8927F18817}.Debug|Mixed Platforms.Build.0 = Debug|x86
		{99EC9973-BA58-4C34-8AE6-DB8927F18817}.Debug|x86.ActiveCfg = Debug|x86
		{99EC9973-BA58-4C34-8AE6-DB8927F18817}.Debug|x86.Build.0 = Debug|x86
		{99EC9973-BA58-4C34-8AE6-DB8927F18817}.Documentation|.NET.ActiveCfg = Debug|x86
		{99EC9973-BA58-4C34-8AE6-DB8927F18817}.Documentation|Any CPU.ActiveCfg = Debug|x86
		{99EC9973-BA58-4C34-8AE6-DB8927F18817}.Documentation|Mixed Platforms.ActiveCfg = Debug|x86
		{99EC9973-BA58-4C34-8AE6-DB8927F18817}.Documentation|Mixed Platforms.Build.0 = Debug|x86
		{99EC9973-BA58-4C34-8AE6-DB8927F18817}.Documentation|x86.ActiveCfg = Debug|x86
		{99EC9973-BA58-4C34-8AE6-DB8927F18817}.Documentation|x86.Build.0 = Debug|x86
		{99EC9973-BA58-4C34-8AE6-DB8927F18817}.Release|.NET.ActiveCfg = Release|x86
		{99EC9973-BA58-4C34-8AE6-DB8927F18817}.Release|Any CPU.ActiveCfg = Release|x86
		{99EC9973-BA58-4C34-8AE6-DB8927F18817}.Release|Mixed Platforms.ActiveCfg = Release|x86
		{99EC9973-BA58-4C34-8AE6-DB8927F18817}.Release|Mixed Platforms.Build.0 = Release|x86
		{99EC9973-BA58-4C34-8AE6-DB8927F18817}.Release|x86.ActiveCfg = Release|x86
		{99EC9973-BA58-4C34-8AE6-DB8927F18817}.Release|x86.Build.0 = Release|x86
	EndGlobalSection
	GlobalSection(SolutionProperties) = preSolution
		HideSolutionNode = FALSE
	EndGlobalSection
	GlobalSection(NestedProjects) = preSolution
		{C49C4F5E-C147-40CF-96BB-EE12A7168CCF} = {ED6D2474-6402-4392-AFF0-6115A3F13C28}
		{86FA49AC-4761-4BFA-9C65-2F30DAEA792D} = {ED6D2474-6402-4392-AFF0-6115A3F13C28}
		{99EC9973-BA58-4C34-8AE6-DB8927F18817} = {ED6D2474-6402-4392-AFF0-6115A3F13C28}
	EndGlobalSection
EndGlobal
